
Microsoft Visual Studio Solution File, Format Version 12.00
# Visual Studio Version 16
VisualStudioVersion = 16.0.32407.337
MinimumVisualStudioVersion = 10.0.40219.1
Project("{FAE04EC0-301F-11D3-BF4B-00C04F79EFBC}") = "WebApplication1", "WebApplication1\WebApplication1.csproj", "{1BCCB849-821B-4EE7-966D-A5826CB60D89}"
EndProject
Global
	GlobalSection(SolutionConfigurationPlatforms) = preSolution
		Debug|Any CPU = Debug|Any CPU
		Release|Any CPU = Release|Any CPU
	EndGlobalSection
	GlobalSection(ProjectConfigurationPlatforms) = postSolution
		{1BCCB849-821B-4EE7-966D-A5826CB60D89}.Debug|Any CPU.ActiveCfg = Debug|Any CPU
		{1BCCB849-821B-4EE7-966D-A5826CB60D89}.Debug|Any CPU.Build.0 = Debug|Any CPU
		{1BCCB849-821B-4EE7-966D-A5826CB60D89}.Release|Any CPU.ActiveCfg = Release|Any CPU
		{1BCCB849-821B-4EE7-966D-A5826CB60D89}.Release|Any CPU.Build.0 = Release|Any CPU
	EndGlobalSection
	GlobalSection(SolutionProperties) = preSolution
		HideSolutionNode = FALSE
	EndGlobalSection
	GlobalSection(ExtensibilityGlobals) = postSolution
		SolutionGuid = {CB63CE8B-B100-410A-8CEA-A36AD87BC84E}
	EndGlobalSection
EndGlobal
